
Microsoft Visual Studio Solution File, Format Version 12.00
# Visual Studio Version 17
VisualStudioVersion = 17.5.002.0
MinimumVisualStudioVersion = 10.0.40219.1
Project("{9A19103F-16F7-4668-BE54-9A1E7A4F7556}") = "Ecommerce", "Ecommerce.csproj", "{94C88514-78C1-41EB-975C-BC511DE7BD94}"
EndProject
Global
	GlobalSection(SolutionConfigurationPlatforms) = preSolution
		Debug|Any CPU = Debug|Any CPU
		Release|Any CPU = Release|Any CPU
	EndGlobalSection
	GlobalSection(ProjectConfigurationPlatforms) = postSolution
		{94C88514-78C1-41EB-975C-BC511DE7BD94}.Debug|Any CPU.ActiveCfg = Debug|Any CPU
		{94C88514-78C1-41EB-975C-BC511DE7BD94}.Debug|Any CPU.Build.0 = Debug|Any CPU
		{94C88514-78C1-41EB-975C-BC511DE7BD94}.Release|Any CPU.ActiveCfg = Release|Any CPU
		{94C88514-78C1-41EB-975C-BC511DE7BD94}.Release|Any CPU.Build.0 = Release|Any CPU
	EndGlobalSection
	GlobalSection(SolutionProperties) = preSolution
		HideSolutionNode = FALSE
	EndGlobalSection
	GlobalSection(ExtensibilityGlobals) = postSolution
		SolutionGuid = {DEA7EC45-756C-4AFA-9037-8D0788DF7C06}
	EndGlobalSection
EndGlobal
